
Microsoft Visual Studio Solution File, Format Version 12.00
# Visual Studio Version 16
VisualStudioVersion = 16.0.30002.166
MinimumVisualStudioVersion = 10.0.40219.1
Project("{FAE04EC0-301F-11D3-BF4B-00C04F79EFBC}") = "OBCS_OperatorCastsExample", "OBCS_OperatorCastsExample\OBCS_OperatorCastsExample.csproj", "{096917E4-C59C-4ADF-B93F-5BD26DC55529}"
EndProject
Project("{FAE04EC0-301F-11D3-BF4B-00C04F79EFBC}") = "CurrencyCalculator", "CurrencyCalculator\CurrencyCalculator.csproj", "{02F8CD22-083B-4E48-880C-4A6DCD3F0B24}"
EndProject
Global
	GlobalSection(SolutionConfigurationPlatforms) = preSolution
		Debug|Any CPU = Debug|Any CPU
		Release|Any CPU = Release|Any CPU
	EndGlobalSection
	GlobalSection(ProjectConfigurationPlatforms) = postSolution
		{096917E4-C59C-4ADF-B93F-5BD26DC55529}.Debug|Any CPU.ActiveCfg = Debug|Any CPU
		{096917E4-C59C-4ADF-B93F-5BD26DC55529}.Debug|Any CPU.Build.0 = Debug|Any CPU
		{096917E4-C59C-4ADF-B93F-5BD26DC55529}.Release|Any CPU.ActiveCfg = Release|Any CPU
		{096917E4-C59C-4ADF-B93F-5BD26DC55529}.Release|Any CPU.Build.0 = Release|Any CPU
		{02F8CD22-083B-4E48-880C-4A6DCD3F0B24}.Debug|Any CPU.ActiveCfg = Debug|Any CPU
		{02F8CD22-083B-4E48-880C-4A6DCD3F0B24}.Debug|Any CPU.Build.0 = Debug|Any CPU
		{02F8CD22-083B-4E48-880C-4A6DCD3F0B24}.Release|Any CPU.ActiveCfg = Release|Any CPU
		{02F8CD22-083B-4E48-880C-4A6DCD3F0B24}.Release|Any CPU.Build.0 = Release|Any CPU
	EndGlobalSection
	GlobalSection(SolutionProperties) = preSolution
		HideSolutionNode = FALSE
	EndGlobalSection
	GlobalSection(ExtensibilityGlobals) = postSolution
		SolutionGuid = {E42C51EA-84F2-4B10-9AD0-8FCB7D5A3C98}
	EndGlobalSection
EndGlobal
